
Microsoft Visual Studio Solution File, Format Version 12.00
# Visual Studio 14
VisualStudioVersion = 14.0.25420.1
MinimumVisualStudioVersion = 10.0.40219.1
Project("{FAE04EC0-301F-11D3-BF4B-00C04F79EFBC}") = "GameQuakeAPI", "GameQuakeAPI\GameQuakeAPI.csproj", "{FF93742F-5BEA-461D-BE17-78168436119E}"
EndProject
Project("{FAE04EC0-301F-11D3-BF4B-00C04F79EFBC}") = "GameQuakeAPITests", "GameQuakeAPITests\GameQuakeAPITests.csproj", "{A5E5C8ED-F167-4F70-A5CD-AFDE15FA8301}"
EndProject
Global
	GlobalSection(SolutionConfigurationPlatforms) = preSolution
		Debug|Any CPU = Debug|Any CPU
		Release|Any CPU = Release|Any CPU
	EndGlobalSection
	GlobalSection(ProjectConfigurationPlatforms) = postSolution
		{FF93742F-5BEA-461D-BE17-78168436119E}.Debug|Any CPU.ActiveCfg = Debug|Any CPU
		{FF93742F-5BEA-461D-BE17-78168436119E}.Debug|Any CPU.Build.0 = Debug|Any CPU
		{FF93742F-5BEA-461D-BE17-78168436119E}.Release|Any CPU.ActiveCfg = Release|Any CPU
		{FF93742F-5BEA-461D-BE17-78168436119E}.Release|Any CPU.Build.0 = Release|Any CPU
		{A5E5C8ED-F167-4F70-A5CD-AFDE15FA8301}.Debug|Any CPU.ActiveCfg = Debug|Any CPU
		{A5E5C8ED-F167-4F70-A5CD-AFDE15FA8301}.Debug|Any CPU.Build.0 = Debug|Any CPU
		{A5E5C8ED-F167-4F70-A5CD-AFDE15FA8301}.Release|Any CPU.ActiveCfg = Release|Any CPU
		{A5E5C8ED-F167-4F70-A5CD-AFDE15FA8301}.Release|Any CPU.Build.0 = Release|Any CPU
	EndGlobalSection
	GlobalSection(SolutionProperties) = preSolution
		HideSolutionNode = FALSE
	EndGlobalSection
EndGlobal
